<?xml version="1.0" encoding="utf-8"?>
<Project ToolsVersion="4.0" xmlns="http://schemas.microsoft.com/developer/msbuild/2003">
  <ItemGroup>
    <Filter Include="Source Files">
      <UniqueIdentifier>{4FC737F1-C7A5-4376-A066-2A32D752A2FF}</UniqueIdentifier>
      <Extensions>cpp;c;cc;cxx;def;odl;idl;hpj;bat;asm;asmx</Extensions>
    </Filter>
    <Filter Include="Header Files">
      <UniqueIdentifier>{93995380-89BD-4b04-88EB-625FBE52EBFB}</UniqueIdentifier>
      <Extensions>h;hh;hpp;hxx;hm;inl;inc;ipp;xsd</Extensions>
    </Filter>
    <Filter Include="Resource Files">
      <UniqueIdentifier>{67DA6AB6-F800-4c08-8B7A-83BB121AAD01}</UniqueIdentifier>
      <Extensions>rc;ico;cur;bmp;dlg;rc2;rct;bin;rgs;gif;jpg;jpeg;jpe;resx;tiff;tif;png;wav;mfcribbon-ms</Extensions>
    </Filter>
  </ItemGroup>
  <ItemGroup>
    <ClInclude Include="..\..\verible\common\util\file_util.h">
      <Filter>Header Files</Filter>
    </ClInclude>
    <ClInclude Include="unistd.h">
      <Filter>Header Files</Filter>
    </ClInclude>
    <ClInclude Include="..\..\verible\common\util\logging.h">
      <Filter>Header Files</Filter>
    </ClInclude>
    <ClInclude Include="..\..\verible\common\util\init_command_line.h">
      <Filter>Header Files</Filter>
    </ClInclude>
    <ClInclude Include="..\..\verible\common\util\iterator_range.h">
      <Filter>Header Files</Filter>
    </ClInclude>
    <ClInclude Include="..\..\verible\common\text\concrete_syntax_tree.h">
      <Filter>Header Files</Filter>
    </ClInclude>
    <ClInclude Include="..\..\verible\common\text\parser_verifier.h">
      <Filter>Header Files</Filter>
    </ClInclude>
    <ClInclude Include="..\..\verible\common\text\text_structure.h">
      <Filter>Header Files</Filter>
    </ClInclude>
    <ClInclude Include="..\..\verible\common\text\token_info.h">
      <Filter>Header Files</Filter>
    </ClInclude>
    <ClInclude Include="..\..\verible\verilog\CST\verilog_tree_print.h">
      <Filter>Header Files</Filter>
    </ClInclude>
    <ClInclude Include="..\..\verible\verilog\analysis\verilog_analyzer.h">
      <Filter>Header Files</Filter>
    </ClInclude>
    <ClInclude Include="..\..\verible\verilog\parser\verilog_parser.h">
      <Filter>Header Files</Filter>
    </ClInclude>
    <ClInclude Include="..\..\verible\common\parser\bison_parser_adapter.h">
      <Filter>Header Files</Filter>
    </ClInclude>
    <ClInclude Include="..\..\verible\common\parser\parse.h">
      <Filter>Header Files</Filter>
    </ClInclude>
    <ClInclude Include="..\..\verible\common\parser\parser_param.h">
      <Filter>Header Files</Filter>
    </ClInclude>
    <ClInclude Include="..\..\verible\verilog\parser\verilog_token_enum.h">
      <Filter>Header Files</Filter>
    </ClInclude>
    <ClInclude Include="..\..\verible\common\lexer\flex_lexer_adapter.h">
      <Filter>Header Files</Filter>
    </ClInclude>
    <ClInclude Include="..\..\verible\common\parser\bison_parser_common.h">
      <Filter>Header Files</Filter>
    </ClInclude>
    <ClInclude Include="..\..\verible\common\text\tree_utils.h">
      <Filter>Header Files</Filter>
    </ClInclude>
    <ClInclude Include="..\..\verible\common\util\casts.h">
      <Filter>Header Files</Filter>
    </ClInclude>
    <ClInclude Include="..\..\verible\verilog\CST\declaration.h">
      <Filter>Header Files</Filter>
    </ClInclude>
    <ClInclude Include="..\..\verible\verilog\CST\DPI.h">
      <Filter>Header Files</Filter>
    </ClInclude>
    <ClInclude Include="..\..\verible\verilog\CST\expression.h">
      <Filter>Header Files</Filter>
    </ClInclude>
    <ClInclude Include="..\..\verible\verilog\CST\functions.h">
      <Filter>Header Files</Filter>
    </ClInclude>
    <ClInclude Include="..\..\verible\verilog\CST\module.h">
      <Filter>Header Files</Filter>
    </ClInclude>
    <ClInclude Include="..\..\verible\verilog\CST\parameters.h">
      <Filter>Header Files</Filter>
    </ClInclude>
    <ClInclude Include="..\..\verible\verilog\CST\port.h">
      <Filter>Header Files</Filter>
    </ClInclude>
    <ClInclude Include="..\..\verible\verilog\CST\verilog_nonterminals.h">
      <Filter>Header Files</Filter>
    </ClInclude>
    <ClInclude Include="..\..\verible\verilog\CST\verilog_treebuilder_utils.h">
      <Filter>Header Files</Filter>
    </ClInclude>
    <ClInclude Include="..\..\verible\common\text\token_stream_view.h">
      <Filter>Header Files</Filter>
    </ClInclude>
    <ClInclude Include="..\..\verible\common\analysis\matcher\matcher.h">
      <Filter>Header Files</Filter>
    </ClInclude>
    <ClInclude Include="..\..\verible\common\analysis\matcher\matcher_builders.h">
      <Filter>Header Files</Filter>
    </ClInclude>
    <ClInclude Include="..\..\verible\common\analysis\syntax_tree_search.h">
      <Filter>Header Files</Filter>
    </ClInclude>
    <ClInclude Include="..\..\verible\common\text\concrete_syntax_leaf.h">
      <Filter>Header Files</Filter>
    </ClInclude>
    <ClInclude Include="..\..\verible\common\text\symbol.h">
      <Filter>Header Files</Filter>
    </ClInclude>
    <ClInclude Include="..\..\verible\common\lexer\token_generator.h">
      <Filter>Header Files</Filter>
    </ClInclude>
    <ClInclude Include="..\..\verible\common\lexer\token_stream_adapter.h">
      <Filter>Header Files</Filter>
    </ClInclude>
    <ClInclude Include="..\..\verible\common\text\macro_definition.h">
      <Filter>Header Files</Filter>
    </ClInclude>
    <ClInclude Include="..\..\verible\common\util\container_util.h">
      <Filter>Header Files</Filter>
    </ClInclude>
  </ItemGroup>
  <ItemGroup>
    <ClCompile Include="verible_main.cpp">
      <Filter>Source Files</Filter>
    </ClCompile>
    <ClCompile Include="..\..\verible\common\util\file_util.cc">
      <Filter>Source Files</Filter>
    </ClCompile>
    <ClCompile Include="..\..\getopt\getopt.c">
      <Filter>Source Files</Filter>
    </ClCompile>
    <ClCompile Include="..\..\verible\common\util\logging.cc">
      <Filter>Source Files</Filter>
    </ClCompile>
    <ClCompile Include="..\..\verible\common\util\init_command_line.cc">
      <Filter>Source Files</Filter>
    </ClCompile>
    <ClCompile Include="..\..\verible\common\text\concrete_syntax_tree.cc">
      <Filter>Source Files</Filter>
    </ClCompile>
    <ClCompile Include="..\..\verible\common\text\parser_verifier.cc">
      <Filter>Source Files</Filter>
    </ClCompile>
    <ClCompile Include="..\..\verible\common\text\text_structure.cc">
      <Filter>Source Files</Filter>
    </ClCompile>
    <ClCompile Include="..\..\verible\common\text\token_info.cc">
      <Filter>Source Files</Filter>
    </ClCompile>
    <ClCompile Include="..\..\verible\verilog\CST\verilog_tree_print.cc">
      <Filter>Source Files</Filter>
    </ClCompile>
    <ClCompile Include="..\..\verible\verilog\analysis\verilog_analyzer.cc">
      <Filter>Source Files</Filter>
    </ClCompile>
    <ClCompile Include="..\..\verible\verilog\parser\verilog.tab.cc">
      <Filter>Source Files</Filter>
    </ClCompile>
    <ClCompile Include="..\..\verible\verilog\parser\verilog.yy.cc">
      <Filter>Source Files</Filter>
    </ClCompile>
    <ClCompile Include="..\..\verible\verilog\parser\verilog_lexer.cc">
      <Filter>Source Files</Filter>
    </ClCompile>
    <ClCompile Include="..\..\verible\verilog\parser\verilog_parser.cc">
      <Filter>Source Files</Filter>
    </ClCompile>
    <ClCompile Include="..\..\verible\common\parser\parser_param.cc">
      <Filter>Source Files</Filter>
    </ClCompile>
    <ClCompile Include="..\..\verible\common\parser\bison_parser_common.cc">
      <Filter>Source Files</Filter>
    </ClCompile>
    <ClCompile Include="..\..\verible\common\text\tree_utils.cc">
      <Filter>Source Files</Filter>
    </ClCompile>
    <ClCompile Include="..\..\verible\verilog\CST\declaration.cc">
      <Filter>Source Files</Filter>
    </ClCompile>
    <ClCompile Include="..\..\verible\verilog\CST\DPI.cc">
      <Filter>Source Files</Filter>
    </ClCompile>
    <ClCompile Include="..\..\verible\verilog\CST\expression.cc">
      <Filter>Source Files</Filter>
    </ClCompile>
    <ClCompile Include="..\..\verible\verilog\CST\functions.cc">
      <Filter>Source Files</Filter>
    </ClCompile>
    <ClCompile Include="..\..\verible\verilog\CST\module.cc">
      <Filter>Source Files</Filter>
    </ClCompile>
    <ClCompile Include="..\..\verible\verilog\CST\parameters.cc">
      <Filter>Source Files</Filter>
    </ClCompile>
    <ClCompile Include="..\..\verible\verilog\CST\port.cc">
      <Filter>Source Files</Filter>
    </ClCompile>
    <ClCompile Include="..\..\verible\verilog\CST\verilog_nonterminals.cc">
      <Filter>Source Files</Filter>
    </ClCompile>
    <ClCompile Include="..\..\verible\verilog\CST\verilog_treebuilder_utils.cc">
      <Filter>Source Files</Filter>
    </ClCompile>
    <ClCompile Include="..\..\verible\common\text\token_stream_view.cc">
      <Filter>Source Files</Filter>
    </ClCompile>
    <ClCompile Include="..\..\verible\common\analysis\matcher\matcher.cc">
      <Filter>Source Files</Filter>
    </ClCompile>
    <ClCompile Include="..\..\verible\common\analysis\syntax_tree_search.cc">
      <Filter>Source Files</Filter>
    </ClCompile>
    <ClCompile Include="..\..\verible\common\text\concrete_syntax_leaf.cc">
      <Filter>Source Files</Filter>
    </ClCompile>
    <ClCompile Include="..\..\verible\common\text\symbol.cc">
      <Filter>Source Files</Filter>
    </ClCompile>
    <ClCompile Include="..\..\verible\common\lexer\token_stream_adapter.cc">
      <Filter>Source Files</Filter>
    </ClCompile>
    <ClCompile Include="..\..\verible\common\text\macro_definition.cc">
      <Filter>Source Files</Filter>
    </ClCompile>
  </ItemGroup>
</Project>